
Microsoft Visual Studio Solution File, Format Version 12.00
# Visual Studio Version 17
VisualStudioVersion = 17.9.34728.123
MinimumVisualStudioVersion = 10.0.40219.1
Project("{9A19103F-16F7-4668-BE54-9A1E7A4F7556}") = "EelegantIot.Maui", "EelegantIot.Maui\EelegantIot.Maui.csproj", "{E85051A9-CD77-4465-96A5-4B934BF9EBB7}"
EndProject
Project("{9A19103F-16F7-4668-BE54-9A1E7A4F7556}") = "EelegantIot.Shared", "EelegantIot.Shared\EelegantIot.Shared.csproj", "{2FCB3BE4-E9B1-47A9-9E1F-A4F848C31B89}"
EndProject
Project("{FAE04EC0-301F-11D3-BF4B-00C04F79EFBC}") = "EelegantIot.Api", "EelegantIot.Api\EelegantIot.Api.csproj", "{E7D99E7C-DCC3-41C3-B8BA-24C863B060D7}"
EndProject
Project("{FAE04EC0-301F-11D3-BF4B-00C04F79EFBC}") = "DeviceMock", "DeviceMock\DeviceMock.csproj", "{1D20BA23-D0A0-49CF-88DB-BD47DA9AEF8E}"
EndProject
Global
	GlobalSection(SolutionConfigurationPlatforms) = preSolution
		Debug|Any CPU = Debug|Any CPU
		Release|Any CPU = Release|Any CPU
	EndGlobalSection
	GlobalSection(ProjectConfigurationPlatforms) = postSolution
		{E85051A9-CD77-4465-96A5-4B934BF9EBB7}.Debug|Any CPU.ActiveCfg = Debug|Any CPU
		{E85051A9-CD77-4465-96A5-4B934BF9EBB7}.Debug|Any CPU.Build.0 = Debug|Any CPU
		{E85051A9-CD77-4465-96A5-4B934BF9EBB7}.Debug|Any CPU.Deploy.0 = Debug|Any CPU
		{E85051A9-CD77-4465-96A5-4B934BF9EBB7}.Release|Any CPU.ActiveCfg = Release|Any CPU
		{E85051A9-CD77-4465-96A5-4B934BF9EBB7}.Release|Any CPU.Build.0 = Release|Any CPU
		{2FCB3BE4-E9B1-47A9-9E1F-A4F848C31B89}.Debug|Any CPU.ActiveCfg = Debug|Any CPU
		{2FCB3BE4-E9B1-47A9-9E1F-A4F848C31B89}.Debug|Any CPU.Build.0 = Debug|Any CPU
		{2FCB3BE4-E9B1-47A9-9E1F-A4F848C31B89}.Release|Any CPU.ActiveCfg = Release|Any CPU
		{2FCB3BE4-E9B1-47A9-9E1F-A4F848C31B89}.Release|Any CPU.Build.0 = Release|Any CPU
		{E7D99E7C-DCC3-41C3-B8BA-24C863B060D7}.Debug|Any CPU.ActiveCfg = Debug|Any CPU
		{E7D99E7C-DCC3-41C3-B8BA-24C863B060D7}.Debug|Any CPU.Build.0 = Debug|Any CPU
		{E7D99E7C-DCC3-41C3-B8BA-24C863B060D7}.Release|Any CPU.ActiveCfg = Release|Any CPU
		{E7D99E7C-DCC3-41C3-B8BA-24C863B060D7}.Release|Any CPU.Build.0 = Release|Any CPU
		{1D20BA23-D0A0-49CF-88DB-BD47DA9AEF8E}.Debug|Any CPU.ActiveCfg = Debug|Any CPU
		{1D20BA23-D0A0-49CF-88DB-BD47DA9AEF8E}.Debug|Any CPU.Build.0 = Debug|Any CPU
		{1D20BA23-D0A0-49CF-88DB-BD47DA9AEF8E}.Release|Any CPU.ActiveCfg = Release|Any CPU
		{1D20BA23-D0A0-49CF-88DB-BD47DA9AEF8E}.Release|Any CPU.Build.0 = Release|Any CPU
	EndGlobalSection
	GlobalSection(SolutionProperties) = preSolution
		HideSolutionNode = FALSE
	EndGlobalSection
	GlobalSection(ExtensibilityGlobals) = postSolution
		SolutionGuid = {A6B2D424-E622-4981-997B-CDE7B6A483FA}
	EndGlobalSection
EndGlobal
